
Microsoft Visual Studio Solution File, Format Version 12.00
# Visual Studio Version 17
VisualStudioVersion = 17.1.32228.430
MinimumVisualStudioVersion = 10.0.40219.1
Project("{FAE04EC0-301F-11D3-BF4B-00C04F79EFBC}") = "AutoMechanism", "AutoMechanism.csproj", "{51590E94-E075-4929-8F96-1423F17BEEFC}"
EndProject
Global
	GlobalSection(SolutionConfigurationPlatforms) = preSolution
		Debug|Any CPU = Debug|Any CPU
		Release|Any CPU = Release|Any CPU
	EndGlobalSection
	GlobalSection(ProjectConfigurationPlatforms) = postSolution
		{51590E94-E075-4929-8F96-1423F17BEEFC}.Debug|Any CPU.ActiveCfg = Debug|Any CPU
		{51590E94-E075-4929-8F96-1423F17BEEFC}.Debug|Any CPU.Build.0 = Debug|Any CPU
		{51590E94-E075-4929-8F96-1423F17BEEFC}.Release|Any CPU.ActiveCfg = Release|Any CPU
		{51590E94-E075-4929-8F96-1423F17BEEFC}.Release|Any CPU.Build.0 = Release|Any CPU
	EndGlobalSection
	GlobalSection(SolutionProperties) = preSolution
		HideSolutionNode = FALSE
	EndGlobalSection
	GlobalSection(ExtensibilityGlobals) = postSolution
		SolutionGuid = {66A9B166-8142-4D68-AC70-AB3A45B333D7}
	EndGlobalSection
EndGlobal
